{
  "name": "volta-gateway",
  "lockfileVersion": 3,
  "requires": true,
  "packages": {
    "": {
      "dependencies": {
        "@unlaxer/dxe-suite": "file:../DxE-suite"
      }
    },
    "../DxE-suite": {
      "name": "@unlaxer/dxe-suite",
      "version": "4.0.0",
      "hasInstallScript": true,
      "license": "MIT",
      "workspaces": [
        "dge/kit",
        "dge/server",
        "dre/kit",
        "dve/kit"
      ],
      "bin": {
        "dxe": "bin/dxe.js"
      }
    },
    "node_modules/@unlaxer/dxe-suite": {
      "resolved": "../DxE-suite",
      "link": true
    }
  }
}
